
Microsoft Visual Studio Solution File, Format Version 12.00
# Visual Studio Version 16
VisualStudioVersion = 16.0.31005.135
MinimumVisualStudioVersion = 10.0.40219.1
Project("{FAE04EC0-301F-11D3-BF4B-00C04F79EFBC}") = "practicescaf", "practicescaf\practicescaf.csproj", "{6515D48B-6A33-4373-A2F5-C6B907F9F4C3}"
EndProject
Global
	GlobalSection(SolutionConfigurationPlatforms) = preSolution
		Debug|Any CPU = Debug|Any CPU
		Release|Any CPU = Release|Any CPU
	EndGlobalSection
	GlobalSection(ProjectConfigurationPlatforms) = postSolution
		{6515D48B-6A33-4373-A2F5-C6B907F9F4C3}.Debug|Any CPU.ActiveCfg = Debug|Any CPU
		{6515D48B-6A33-4373-A2F5-C6B907F9F4C3}.Debug|Any CPU.Build.0 = Debug|Any CPU
		{6515D48B-6A33-4373-A2F5-C6B907F9F4C3}.Release|Any CPU.ActiveCfg = Release|Any CPU
		{6515D48B-6A33-4373-A2F5-C6B907F9F4C3}.Release|Any CPU.Build.0 = Release|Any CPU
	EndGlobalSection
	GlobalSection(SolutionProperties) = preSolution
		HideSolutionNode = FALSE
	EndGlobalSection
	GlobalSection(ExtensibilityGlobals) = postSolution
		SolutionGuid = {9262733B-8A1F-4C7B-9D11-3FB1F0119CEA}
	EndGlobalSection
EndGlobal
